
Microsoft Visual Studio Solution File, Format Version 12.00
# Visual Studio Version 16
VisualStudioVersion = 16.0.32428.217
MinimumVisualStudioVersion = 10.0.40219.1
Project("{FAE04EC0-301F-11D3-BF4B-00C04F79EFBC}") = "lesson1", "lesson1\lesson1.csproj", "{48149A98-C2E3-43BF-9795-BDB3DE00689C}"
EndProject
Project("{FAE04EC0-301F-11D3-BF4B-00C04F79EFBC}") = "lesson2", "lesson2\lesson2.csproj", "{68FE8942-F1E2-43EC-9F41-2A4CF2497DF5}"
EndProject
Project("{FAE04EC0-301F-11D3-BF4B-00C04F79EFBC}") = "lesson3", "lesson3\lesson3.csproj", "{5B4EE57D-C576-4A7B-ACE1-3143A20F5589}"
EndProject
Project("{FAE04EC0-301F-11D3-BF4B-00C04F79EFBC}") = "lesson4", "lesson4\lesson4.csproj", "{79514B24-6F8F-450F-9F31-92310AADE6E7}"
EndProject
Project("{FAE04EC0-301F-11D3-BF4B-00C04F79EFBC}") = "lesson5", "lesson5\lesson5.csproj", "{C1858163-6215-4844-A6AE-D714EDC13E95}"
EndProject
Project("{FAE04EC0-301F-11D3-BF4B-00C04F79EFBC}") = "lesson6", "lesson6\lesson6.csproj", "{07975CA6-A31C-464D-B3B2-E98EB8F69827}"
EndProject
Project("{FAE04EC0-301F-11D3-BF4B-00C04F79EFBC}") = "lesson7", "lesson7\lesson7.csproj", "{02CD5047-E4D7-4A32-B894-135033E6DC28}"
EndProject
Project("{FAE04EC0-301F-11D3-BF4B-00C04F79EFBC}") = "lesson8", "lesson8\lesson8.csproj", "{2FA57551-D3A8-45A8-989F-DD45E3D72D6E}"
EndProject
Project("{FAE04EC0-301F-11D3-BF4B-00C04F79EFBC}") = "lesson8.MyUtils", "lesson8.Description\lesson8.MyUtils.csproj", "{5BF0E3A2-09F9-4C34-857E-D078FDF2DC28}"
EndProject
Global
	GlobalSection(SolutionConfigurationPlatforms) = preSolution
		Debug|Any CPU = Debug|Any CPU
		Release|Any CPU = Release|Any CPU
	EndGlobalSection
	GlobalSection(ProjectConfigurationPlatforms) = postSolution
		{48149A98-C2E3-43BF-9795-BDB3DE00689C}.Debug|Any CPU.ActiveCfg = Debug|Any CPU
		{48149A98-C2E3-43BF-9795-BDB3DE00689C}.Debug|Any CPU.Build.0 = Debug|Any CPU
		{48149A98-C2E3-43BF-9795-BDB3DE00689C}.Release|Any CPU.ActiveCfg = Release|Any CPU
		{48149A98-C2E3-43BF-9795-BDB3DE00689C}.Release|Any CPU.Build.0 = Release|Any CPU
		{68FE8942-F1E2-43EC-9F41-2A4CF2497DF5}.Debug|Any CPU.ActiveCfg = Debug|Any CPU
		{68FE8942-F1E2-43EC-9F41-2A4CF2497DF5}.Debug|Any CPU.Build.0 = Debug|Any CPU
		{68FE8942-F1E2-43EC-9F41-2A4CF2497DF5}.Release|Any CPU.ActiveCfg = Release|Any CPU
		{68FE8942-F1E2-43EC-9F41-2A4CF2497DF5}.Release|Any CPU.Build.0 = Release|Any CPU
		{5B4EE57D-C576-4A7B-ACE1-3143A20F5589}.Debug|Any CPU.ActiveCfg = Debug|Any CPU
		{5B4EE57D-C576-4A7B-ACE1-3143A20F5589}.Debug|Any CPU.Build.0 = Debug|Any CPU
		{5B4EE57D-C576-4A7B-ACE1-3143A20F5589}.Release|Any CPU.ActiveCfg = Release|Any CPU
		{5B4EE57D-C576-4A7B-ACE1-3143A20F5589}.Release|Any CPU.Build.0 = Release|Any CPU
		{79514B24-6F8F-450F-9F31-92310AADE6E7}.Debug|Any CPU.ActiveCfg = Debug|Any CPU
		{79514B24-6F8F-450F-9F31-92310AADE6E7}.Debug|Any CPU.Build.0 = Debug|Any CPU
		{79514B24-6F8F-450F-9F31-92310AADE6E7}.Release|Any CPU.ActiveCfg = Release|Any CPU
		{79514B24-6F8F-450F-9F31-92310AADE6E7}.Release|Any CPU.Build.0 = Release|Any CPU
		{C1858163-6215-4844-A6AE-D714EDC13E95}.Debug|Any CPU.ActiveCfg = Debug|Any CPU
		{C1858163-6215-4844-A6AE-D714EDC13E95}.Debug|Any CPU.Build.0 = Debug|Any CPU
		{C1858163-6215-4844-A6AE-D714EDC13E95}.Release|Any CPU.ActiveCfg = Release|Any CPU
		{C1858163-6215-4844-A6AE-D714EDC13E95}.Release|Any CPU.Build.0 = Release|Any CPU
		{07975CA6-A31C-464D-B3B2-E98EB8F69827}.Debug|Any CPU.ActiveCfg = Debug|Any CPU
		{07975CA6-A31C-464D-B3B2-E98EB8F69827}.Debug|Any CPU.Build.0 = Debug|Any CPU
		{07975CA6-A31C-464D-B3B2-E98EB8F69827}.Release|Any CPU.ActiveCfg = Release|Any CPU
		{07975CA6-A31C-464D-B3B2-E98EB8F69827}.Release|Any CPU.Build.0 = Release|Any CPU
		{02CD5047-E4D7-4A32-B894-135033E6DC28}.Debug|Any CPU.ActiveCfg = Debug|Any CPU
		{02CD5047-E4D7-4A32-B894-135033E6DC28}.Debug|Any CPU.Build.0 = Debug|Any CPU
		{02CD5047-E4D7-4A32-B894-135033E6DC28}.Release|Any CPU.ActiveCfg = Release|Any CPU
		{02CD5047-E4D7-4A32-B894-135033E6DC28}.Release|Any CPU.Build.0 = Release|Any CPU
		{2FA57551-D3A8-45A8-989F-DD45E3D72D6E}.Debug|Any CPU.ActiveCfg = Debug|Any CPU
		{2FA57551-D3A8-45A8-989F-DD45E3D72D6E}.Debug|Any CPU.Build.0 = Debug|Any CPU
		{2FA57551-D3A8-45A8-989F-DD45E3D72D6E}.Release|Any CPU.ActiveCfg = Release|Any CPU
		{2FA57551-D3A8-45A8-989F-DD45E3D72D6E}.Release|Any CPU.Build.0 = Release|Any CPU
		{5BF0E3A2-09F9-4C34-857E-D078FDF2DC28}.Debug|Any CPU.ActiveCfg = Debug|Any CPU
		{5BF0E3A2-09F9-4C34-857E-D078FDF2DC28}.Debug|Any CPU.Build.0 = Debug|Any CPU
		{5BF0E3A2-09F9-4C34-857E-D078FDF2DC28}.Release|Any CPU.ActiveCfg = Release|Any CPU
		{5BF0E3A2-09F9-4C34-857E-D078FDF2DC28}.Release|Any CPU.Build.0 = Release|Any CPU
	EndGlobalSection
	GlobalSection(SolutionProperties) = preSolution
		HideSolutionNode = FALSE
	EndGlobalSection
	GlobalSection(ExtensibilityGlobals) = postSolution
		SolutionGuid = {DB746F7B-AE1D-4510-904F-04123EACF9D0}
	EndGlobalSection
EndGlobal
