
Microsoft Visual Studio Solution File, Format Version 12.00
# Visual Studio Version 16
VisualStudioVersion = 16.0.32428.217
MinimumVisualStudioVersion = 10.0.40219.1
Project("{FAE04EC0-301F-11D3-BF4B-00C04F79EFBC}") = "lesson1", "lesson1\lesson1.csproj", "{48149A98-C2E3-43BF-9795-BDB3DE00689C}"
EndProject
Project("{FAE04EC0-301F-11D3-BF4B-00C04F79EFBC}") = "lesson2", "lesson2\lesson2.csproj", "{68FE8942-F1E2-43EC-9F41-2A4CF2497DF5}"
EndProject
Project("{FAE04EC0-301F-11D3-BF4B-00C04F79EFBC}") = "lesson3", "lesson3\lesson3.csproj", "{5B4EE57D-C576-4A7B-ACE1-3143A20F5589}"
EndProject
Project("{FAE04EC0-301F-11D3-BF4B-00C04F79EFBC}") = "lesson4", "lesson4\lesson4.csproj", "{79514B24-6F8F-450F-9F31-92310AADE6E7}"
EndProject
Global
	GlobalSection(SolutionConfigurationPlatforms) = preSolution
		Debug|Any CPU = Debug|Any CPU
		Release|Any CPU = Release|Any CPU
	EndGlobalSection
	GlobalSection(ProjectConfigurationPlatforms) = postSolution
		{48149A98-C2E3-43BF-9795-BDB3DE00689C}.Debug|Any CPU.ActiveCfg = Debug|Any CPU
		{48149A98-C2E3-43BF-9795-BDB3DE00689C}.Debug|Any CPU.Build.0 = Debug|Any CPU
		{48149A98-C2E3-43BF-9795-BDB3DE00689C}.Release|Any CPU.ActiveCfg = Release|Any CPU
		{48149A98-C2E3-43BF-9795-BDB3DE00689C}.Release|Any CPU.Build.0 = Release|Any CPU
		{68FE8942-F1E2-43EC-9F41-2A4CF2497DF5}.Debug|Any CPU.ActiveCfg = Debug|Any CPU
		{68FE8942-F1E2-43EC-9F41-2A4CF2497DF5}.Debug|Any CPU.Build.0 = Debug|Any CPU
		{68FE8942-F1E2-43EC-9F41-2A4CF2497DF5}.Release|Any CPU.ActiveCfg = Release|Any CPU
		{68FE8942-F1E2-43EC-9F41-2A4CF2497DF5}.Release|Any CPU.Build.0 = Release|Any CPU
		{5B4EE57D-C576-4A7B-ACE1-3143A20F5589}.Debug|Any CPU.ActiveCfg = Debug|Any CPU
		{5B4EE57D-C576-4A7B-ACE1-3143A20F5589}.Debug|Any CPU.Build.0 = Debug|Any CPU
		{5B4EE57D-C576-4A7B-ACE1-3143A20F5589}.Release|Any CPU.ActiveCfg = Release|Any CPU
		{5B4EE57D-C576-4A7B-ACE1-3143A20F5589}.Release|Any CPU.Build.0 = Release|Any CPU
		{79514B24-6F8F-450F-9F31-92310AADE6E7}.Debug|Any CPU.ActiveCfg = Debug|Any CPU
		{79514B24-6F8F-450F-9F31-92310AADE6E7}.Debug|Any CPU.Build.0 = Debug|Any CPU
		{79514B24-6F8F-450F-9F31-92310AADE6E7}.Release|Any CPU.ActiveCfg = Release|Any CPU
		{79514B24-6F8F-450F-9F31-92310AADE6E7}.Release|Any CPU.Build.0 = Release|Any CPU
	EndGlobalSection
	GlobalSection(SolutionProperties) = preSolution
		HideSolutionNode = FALSE
	EndGlobalSection
	GlobalSection(ExtensibilityGlobals) = postSolution
		SolutionGuid = {DB746F7B-AE1D-4510-904F-04123EACF9D0}
	EndGlobalSection
EndGlobal
